
Microsoft Visual Studio Solution File, Format Version 12.00
# Visual Studio 2013
VisualStudioVersion = 12.0.21005.1
MinimumVisualStudioVersion = 10.0.40219.1
Project("{FAE04EC0-301F-11D3-BF4B-00C04F79EFBC}") = "Klient", "Klient\Klient.csproj", "{57AB62D7-4B59-44E5-B9D8-EB282C2779B7}"
EndProject
Project("{FAE04EC0-301F-11D3-BF4B-00C04F79EFBC}") = "Database", "..\Database\Database.csproj", "{2FA382B7-C2FD-4A69-BEFF-3F3596C92551}"
EndProject
Project("{FAE04EC0-301F-11D3-BF4B-00C04F79EFBC}") = "Server", "..\Server\Server.csproj", "{F61DDC13-1F93-4568-BEC1-FD0CDD17A5DA}"
EndProject
Global
	GlobalSection(SolutionConfigurationPlatforms) = preSolution
		Debug|Any CPU = Debug|Any CPU
		Release|Any CPU = Release|Any CPU
	EndGlobalSection
	GlobalSection(ProjectConfigurationPlatforms) = postSolution
		{57AB62D7-4B59-44E5-B9D8-EB282C2779B7}.Debug|Any CPU.ActiveCfg = Debug|Any CPU
		{57AB62D7-4B59-44E5-B9D8-EB282C2779B7}.Debug|Any CPU.Build.0 = Debug|Any CPU
		{57AB62D7-4B59-44E5-B9D8-EB282C2779B7}.Release|Any CPU.ActiveCfg = Release|Any CPU
		{57AB62D7-4B59-44E5-B9D8-EB282C2779B7}.Release|Any CPU.Build.0 = Release|Any CPU
		{2FA382B7-C2FD-4A69-BEFF-3F3596C92551}.Debug|Any CPU.ActiveCfg = Debug|Any CPU
		{2FA382B7-C2FD-4A69-BEFF-3F3596C92551}.Debug|Any CPU.Build.0 = Debug|Any CPU
		{2FA382B7-C2FD-4A69-BEFF-3F3596C92551}.Release|Any CPU.ActiveCfg = Release|Any CPU
		{2FA382B7-C2FD-4A69-BEFF-3F3596C92551}.Release|Any CPU.Build.0 = Release|Any CPU
		{F61DDC13-1F93-4568-BEC1-FD0CDD17A5DA}.Debug|Any CPU.ActiveCfg = Debug|Any CPU
		{F61DDC13-1F93-4568-BEC1-FD0CDD17A5DA}.Debug|Any CPU.Build.0 = Debug|Any CPU
		{F61DDC13-1F93-4568-BEC1-FD0CDD17A5DA}.Release|Any CPU.ActiveCfg = Release|Any CPU
		{F61DDC13-1F93-4568-BEC1-FD0CDD17A5DA}.Release|Any CPU.Build.0 = Release|Any CPU
	EndGlobalSection
	GlobalSection(SolutionProperties) = preSolution
		HideSolutionNode = FALSE
	EndGlobalSection
EndGlobal
